
Microsoft Visual Studio Solution File, Format Version 12.00
# Visual Studio 15
VisualStudioVersion = 15.0.26124.0
MinimumVisualStudioVersion = 15.0.26124.0
Project("{2150E333-8FDC-42A3-9474-1A3956D46DE8}") = "src", "src", "{CB6C9D03-DCD9-4C80-B897-F88BEFBF3720}"
EndProject
Project("{2150E333-8FDC-42A3-9474-1A3956D46DE8}") = "tests", "tests", "{D7F7EF9B-A27F-49B1-9746-38BB45AC533B}"
EndProject
Project("{2150E333-8FDC-42A3-9474-1A3956D46DE8}") = "Abstracts", "Abstracts", "{1785C15A-706F-408D-9A46-6084263CC018}"
EndProject
Project("{2150E333-8FDC-42A3-9474-1A3956D46DE8}") = "Impls", "Impls", "{0EC05028-A8CF-463C-AE7C-2B5FB08DBEFA}"
EndProject
Project("{FAE04EC0-301F-11D3-BF4B-00C04F79EFBC}") = "KCommon.Core", "src\Impls\KCommon.Core\KCommon.Core.csproj", "{4836EF45-BD31-4ED8-AC08-A435F09DCAE6}"
EndProject
Project("{FAE04EC0-301F-11D3-BF4B-00C04F79EFBC}") = "KCommon.Core.Abstract", "src\Abstracts\KCommon.Core.Abstract\KCommon.Core.Abstract.csproj", "{CF0F7B94-57BB-481A-8DC4-2B5D20A44AFA}"
EndProject
Project("{2150E333-8FDC-42A3-9474-1A3956D46DE8}") = "UnitTests", "UnitTests", "{826A8381-1241-4D60-8A1D-C931E688A98C}"
EndProject
Project("{2150E333-8FDC-42A3-9474-1A3956D46DE8}") = "FunctionalTests", "FunctionalTests", "{D75FC6C9-3706-43CB-AFD9-BAB7F16F57C9}"
EndProject
Project("{FAE04EC0-301F-11D3-BF4B-00C04F79EFBC}") = "KCommon.Core.UnitTests", "tests\UnitTests\KCommon.Core.UnitTests\KCommon.Core.UnitTests.csproj", "{0917129B-5CC2-4635-BDE4-801C8885EB99}"
EndProject
Global
	GlobalSection(SolutionConfigurationPlatforms) = preSolution
		Debug|Any CPU = Debug|Any CPU
		Debug|x64 = Debug|x64
		Debug|x86 = Debug|x86
		Release|Any CPU = Release|Any CPU
		Release|x64 = Release|x64
		Release|x86 = Release|x86
	EndGlobalSection
	GlobalSection(SolutionProperties) = preSolution
		HideSolutionNode = FALSE
	EndGlobalSection
	GlobalSection(NestedProjects) = preSolution
		{1785C15A-706F-408D-9A46-6084263CC018} = {CB6C9D03-DCD9-4C80-B897-F88BEFBF3720}
		{0EC05028-A8CF-463C-AE7C-2B5FB08DBEFA} = {CB6C9D03-DCD9-4C80-B897-F88BEFBF3720}
		{4836EF45-BD31-4ED8-AC08-A435F09DCAE6} = {0EC05028-A8CF-463C-AE7C-2B5FB08DBEFA}
		{CF0F7B94-57BB-481A-8DC4-2B5D20A44AFA} = {1785C15A-706F-408D-9A46-6084263CC018}
		{826A8381-1241-4D60-8A1D-C931E688A98C} = {D7F7EF9B-A27F-49B1-9746-38BB45AC533B}
		{D75FC6C9-3706-43CB-AFD9-BAB7F16F57C9} = {D7F7EF9B-A27F-49B1-9746-38BB45AC533B}
		{0917129B-5CC2-4635-BDE4-801C8885EB99} = {826A8381-1241-4D60-8A1D-C931E688A98C}
	EndGlobalSection
	GlobalSection(ProjectConfigurationPlatforms) = postSolution
		{4836EF45-BD31-4ED8-AC08-A435F09DCAE6}.Debug|Any CPU.ActiveCfg = Debug|Any CPU
		{4836EF45-BD31-4ED8-AC08-A435F09DCAE6}.Debug|Any CPU.Build.0 = Debug|Any CPU
		{4836EF45-BD31-4ED8-AC08-A435F09DCAE6}.Debug|x64.ActiveCfg = Debug|Any CPU
		{4836EF45-BD31-4ED8-AC08-A435F09DCAE6}.Debug|x64.Build.0 = Debug|Any CPU
		{4836EF45-BD31-4ED8-AC08-A435F09DCAE6}.Debug|x86.ActiveCfg = Debug|Any CPU
		{4836EF45-BD31-4ED8-AC08-A435F09DCAE6}.Debug|x86.Build.0 = Debug|Any CPU
		{4836EF45-BD31-4ED8-AC08-A435F09DCAE6}.Release|Any CPU.ActiveCfg = Release|Any CPU
		{4836EF45-BD31-4ED8-AC08-A435F09DCAE6}.Release|Any CPU.Build.0 = Release|Any CPU
		{4836EF45-BD31-4ED8-AC08-A435F09DCAE6}.Release|x64.ActiveCfg = Release|Any CPU
		{4836EF45-BD31-4ED8-AC08-A435F09DCAE6}.Release|x64.Build.0 = Release|Any CPU
		{4836EF45-BD31-4ED8-AC08-A435F09DCAE6}.Release|x86.ActiveCfg = Release|Any CPU
		{4836EF45-BD31-4ED8-AC08-A435F09DCAE6}.Release|x86.Build.0 = Release|Any CPU
		{CF0F7B94-57BB-481A-8DC4-2B5D20A44AFA}.Debug|Any CPU.ActiveCfg = Debug|Any CPU
		{CF0F7B94-57BB-481A-8DC4-2B5D20A44AFA}.Debug|Any CPU.Build.0 = Debug|Any CPU
		{CF0F7B94-57BB-481A-8DC4-2B5D20A44AFA}.Debug|x64.ActiveCfg = Debug|Any CPU
		{CF0F7B94-57BB-481A-8DC4-2B5D20A44AFA}.Debug|x64.Build.0 = Debug|Any CPU
		{CF0F7B94-57BB-481A-8DC4-2B5D20A44AFA}.Debug|x86.ActiveCfg = Debug|Any CPU
		{CF0F7B94-57BB-481A-8DC4-2B5D20A44AFA}.Debug|x86.Build.0 = Debug|Any CPU
		{CF0F7B94-57BB-481A-8DC4-2B5D20A44AFA}.Release|Any CPU.ActiveCfg = Release|Any CPU
		{CF0F7B94-57BB-481A-8DC4-2B5D20A44AFA}.Release|Any CPU.Build.0 = Release|Any CPU
		{CF0F7B94-57BB-481A-8DC4-2B5D20A44AFA}.Release|x64.ActiveCfg = Release|Any CPU
		{CF0F7B94-57BB-481A-8DC4-2B5D20A44AFA}.Release|x64.Build.0 = Release|Any CPU
		{CF0F7B94-57BB-481A-8DC4-2B5D20A44AFA}.Release|x86.ActiveCfg = Release|Any CPU
		{CF0F7B94-57BB-481A-8DC4-2B5D20A44AFA}.Release|x86.Build.0 = Release|Any CPU
		{0917129B-5CC2-4635-BDE4-801C8885EB99}.Debug|Any CPU.ActiveCfg = Debug|Any CPU
		{0917129B-5CC2-4635-BDE4-801C8885EB99}.Debug|Any CPU.Build.0 = Debug|Any CPU
		{0917129B-5CC2-4635-BDE4-801C8885EB99}.Debug|x64.ActiveCfg = Debug|Any CPU
		{0917129B-5CC2-4635-BDE4-801C8885EB99}.Debug|x64.Build.0 = Debug|Any CPU
		{0917129B-5CC2-4635-BDE4-801C8885EB99}.Debug|x86.ActiveCfg = Debug|Any CPU
		{0917129B-5CC2-4635-BDE4-801C8885EB99}.Debug|x86.Build.0 = Debug|Any CPU
		{0917129B-5CC2-4635-BDE4-801C8885EB99}.Release|Any CPU.ActiveCfg = Release|Any CPU
		{0917129B-5CC2-4635-BDE4-801C8885EB99}.Release|Any CPU.Build.0 = Release|Any CPU
		{0917129B-5CC2-4635-BDE4-801C8885EB99}.Release|x64.ActiveCfg = Release|Any CPU
		{0917129B-5CC2-4635-BDE4-801C8885EB99}.Release|x64.Build.0 = Release|Any CPU
		{0917129B-5CC2-4635-BDE4-801C8885EB99}.Release|x86.ActiveCfg = Release|Any CPU
		{0917129B-5CC2-4635-BDE4-801C8885EB99}.Release|x86.Build.0 = Release|Any CPU
	EndGlobalSection
EndGlobal

