
Microsoft Visual Studio Solution File, Format Version 12.00
# Visual Studio 15
VisualStudioVersion = 15.0.26124.0
MinimumVisualStudioVersion = 15.0.26124.0
Project("{2150E333-8FDC-42A3-9474-1A3956D46DE8}") = "src", "src", "{DA1311D6-ED8B-4168-A679-8DAC7F002D56}"
EndProject
Project("{2150E333-8FDC-42A3-9474-1A3956D46DE8}") = "tests", "tests", "{214AC2F0-8BD5-4FBD-A3C9-12B6BB069EDF}"
EndProject
Project("{2150E333-8FDC-42A3-9474-1A3956D46DE8}") = "Abstracts", "Abstracts", "{62DE713E-2760-4E17-8622-D3D85B354483}"
EndProject
Project("{2150E333-8FDC-42A3-9474-1A3956D46DE8}") = "Impls", "Impls", "{2E89C826-0D34-442A-8633-729971FE82C4}"
EndProject
Project("{FAE04EC0-301F-11D3-BF4B-00C04F79EFBC}") = "KCommon.Core.Abstract", "src\Abstracts\KCommon.Core.Abstract\KCommon.Core.Abstract.csproj", "{53B2892E-4188-4EA5-8623-589C4815D1BA}"
EndProject
Project("{FAE04EC0-301F-11D3-BF4B-00C04F79EFBC}") = "KCommon.Core", "src\Impls\KCommon.Core\KCommon.Core.csproj", "{A2BDB7D4-B8D6-4D9B-8381-CC6726734515}"
EndProject
Project("{2150E333-8FDC-42A3-9474-1A3956D46DE8}") = "FunctionalTests", "FunctionalTests", "{E841567B-269D-4477-942E-4A292B7C3A82}"
EndProject
Project("{2150E333-8FDC-42A3-9474-1A3956D46DE8}") = "UnitTests", "UnitTests", "{8AB5E0FE-C4BA-4051-B3F6-676C43AE034C}"
EndProject
Project("{FAE04EC0-301F-11D3-BF4B-00C04F79EFBC}") = "KCommon.Core.UnitTests", "tests\UnitTests\KCommon.Core.UnitTests\KCommon.Core.UnitTests.csproj", "{2BA97834-995A-47CE-9C7C-CD1782CF1C6E}"
EndProject
Project("{FAE04EC0-301F-11D3-BF4B-00C04F79EFBC}") = "KCommon.Core.Autofac", "src\Impls\KCommon.Core.Autofac\KCommon.Core.Autofac.csproj", "{94ADEFB2-E096-4000-B474-B1D67F6B2C34}"
EndProject
Project("{FAE04EC0-301F-11D3-BF4B-00C04F79EFBC}") = "KCommon.Core.JsonNet", "src\Impls\KCommon.Core.JsonNet\KCommon.Core.JsonNet.csproj", "{4CCC8FA8-33E2-41AC-99DC-2AACF50AD73E}"
EndProject
Project("{FAE04EC0-301F-11D3-BF4B-00C04F79EFBC}") = "KCommon.Core.Nlog", "src\Impls\KCommon.Core.Nlog\KCommon.Core.Nlog.csproj", "{9AFA1E62-1369-48F9-9761-0FA22C236680}"
EndProject
Project("{FAE04EC0-301F-11D3-BF4B-00C04F79EFBC}") = "KCommon.Core.Serilog", "src\Impls\KCommon.Core.Serilog\KCommon.Core.Serilog.csproj", "{53A4BC29-F88D-40AC-966A-C7E491AE1321}"
EndProject
Project("{FAE04EC0-301F-11D3-BF4B-00C04F79EFBC}") = "KCommon.Core.RedisCache", "src\Impls\KCommon.Core.RedisCache\KCommon.Core.RedisCache.csproj", "{567F5E5A-C820-4F88-97E9-F3A95554FCD3}"
EndProject
Project("{FAE04EC0-301F-11D3-BF4B-00C04F79EFBC}") = "KCommon.Core.MemoryCache", "src\Impls\KCommon.Core.MemoryCache\KCommon.Core.MemoryCache.csproj", "{2F4D7EDB-2FA9-49A3-A46F-E0307E9E67AE}"
EndProject
Project("{FAE04EC0-301F-11D3-BF4B-00C04F79EFBC}") = "KCommon.Core.Text.Json", "src\Impls\KCommon.Core.Text.Json\KCommon.Core.Text.Json.csproj", "{D59545DA-77E1-46C8-8AA0-6D1874E4D865}"
EndProject
Project("{FAE04EC0-301F-11D3-BF4B-00C04F79EFBC}") = "KCommon.Core.MessagePack", "src\Impls\KCommon.Core.MessagePack\KCommon.Core.MessagePack.csproj", "{0F6C7632-E39C-412B-8BDE-4669DEFB2CF9}"
EndProject
Project("{FAE04EC0-301F-11D3-BF4B-00C04F79EFBC}") = "KCommon.Core.ProtoBuf", "src\Impls\KCommon.Core.ProtoBuf\KCommon.Core.ProtoBuf.csproj", "{056E96F4-9105-470B-BBD4-BA482A76AC5B}"
EndProject
Project("{FAE04EC0-301F-11D3-BF4B-00C04F79EFBC}") = "KCommon.MicroServices.Abstract", "src\Abstracts\KCommon.MicroServices.Abstract\KCommon.MicroServices.Abstract.csproj", "{8A34AF45-FF32-46F0-B0F5-F59F92EC3875}"
EndProject
Project("{FAE04EC0-301F-11D3-BF4B-00C04F79EFBC}") = "KCommon.MicroServices", "src\Impls\KCommon.MicroServices\KCommon.MicroServices.csproj", "{8C435B45-BC63-4F6B-84ED-18A637E9043C}"
EndProject
Project("{FAE04EC0-301F-11D3-BF4B-00C04F79EFBC}") = "KCommon.EventSourcing.Abstract", "src\Abstracts\KCommon.EventSourcing.Abstract\KCommon.EventSourcing.Abstract.csproj", "{453C0867-C189-42C6-98D3-AF70327B9DA0}"
EndProject
Project("{FAE04EC0-301F-11D3-BF4B-00C04F79EFBC}") = "KCommon.EventSourcing", "src\Impls\KCommon.EventSourcing\KCommon.EventSourcing.csproj", "{DB32D243-14BD-4A73-8047-525728E3A78D}"
EndProject
Project("{FAE04EC0-301F-11D3-BF4B-00C04F79EFBC}") = "KCommon.MicroServices.UnitTests", "tests\UnitTests\KCommon.MicroServices.UnitTests\KCommon.MicroServices.UnitTests.csproj", "{706780B2-E6F5-44E4-BFCC-617AE05C0D56}"
EndProject
Project("{FAE04EC0-301F-11D3-BF4B-00C04F79EFBC}") = "KCommon.Rpc.Abstract", "src\Abstracts\KCommon.Rpc.Abstract\KCommon.Rpc.Abstract.csproj", "{EFDED978-4261-4E2F-B6F0-4F19A48010F5}"
EndProject
Project("{FAE04EC0-301F-11D3-BF4B-00C04F79EFBC}") = "KCommon.Rpc", "src\Impls\KCommon.Rpc\KCommon.Rpc.csproj", "{0EB16EE7-A36A-4ECA-8729-25D501A8626F}"
EndProject
Global
	GlobalSection(SolutionConfigurationPlatforms) = preSolution
		Debug|Any CPU = Debug|Any CPU
		Debug|x64 = Debug|x64
		Debug|x86 = Debug|x86
		Release|Any CPU = Release|Any CPU
		Release|x64 = Release|x64
		Release|x86 = Release|x86
	EndGlobalSection
	GlobalSection(SolutionProperties) = preSolution
		HideSolutionNode = FALSE
	EndGlobalSection
	GlobalSection(NestedProjects) = preSolution
		{62DE713E-2760-4E17-8622-D3D85B354483} = {DA1311D6-ED8B-4168-A679-8DAC7F002D56}
		{2E89C826-0D34-442A-8633-729971FE82C4} = {DA1311D6-ED8B-4168-A679-8DAC7F002D56}
		{53B2892E-4188-4EA5-8623-589C4815D1BA} = {62DE713E-2760-4E17-8622-D3D85B354483}
		{A2BDB7D4-B8D6-4D9B-8381-CC6726734515} = {2E89C826-0D34-442A-8633-729971FE82C4}
		{E841567B-269D-4477-942E-4A292B7C3A82} = {214AC2F0-8BD5-4FBD-A3C9-12B6BB069EDF}
		{8AB5E0FE-C4BA-4051-B3F6-676C43AE034C} = {214AC2F0-8BD5-4FBD-A3C9-12B6BB069EDF}
		{2BA97834-995A-47CE-9C7C-CD1782CF1C6E} = {8AB5E0FE-C4BA-4051-B3F6-676C43AE034C}
		{94ADEFB2-E096-4000-B474-B1D67F6B2C34} = {2E89C826-0D34-442A-8633-729971FE82C4}
		{4CCC8FA8-33E2-41AC-99DC-2AACF50AD73E} = {2E89C826-0D34-442A-8633-729971FE82C4}
		{9AFA1E62-1369-48F9-9761-0FA22C236680} = {2E89C826-0D34-442A-8633-729971FE82C4}
		{53A4BC29-F88D-40AC-966A-C7E491AE1321} = {2E89C826-0D34-442A-8633-729971FE82C4}
		{567F5E5A-C820-4F88-97E9-F3A95554FCD3} = {2E89C826-0D34-442A-8633-729971FE82C4}
		{2F4D7EDB-2FA9-49A3-A46F-E0307E9E67AE} = {2E89C826-0D34-442A-8633-729971FE82C4}
		{D59545DA-77E1-46C8-8AA0-6D1874E4D865} = {2E89C826-0D34-442A-8633-729971FE82C4}
		{0F6C7632-E39C-412B-8BDE-4669DEFB2CF9} = {2E89C826-0D34-442A-8633-729971FE82C4}
		{056E96F4-9105-470B-BBD4-BA482A76AC5B} = {2E89C826-0D34-442A-8633-729971FE82C4}
		{8A34AF45-FF32-46F0-B0F5-F59F92EC3875} = {62DE713E-2760-4E17-8622-D3D85B354483}
		{8C435B45-BC63-4F6B-84ED-18A637E9043C} = {2E89C826-0D34-442A-8633-729971FE82C4}
		{453C0867-C189-42C6-98D3-AF70327B9DA0} = {62DE713E-2760-4E17-8622-D3D85B354483}
		{DB32D243-14BD-4A73-8047-525728E3A78D} = {2E89C826-0D34-442A-8633-729971FE82C4}
		{706780B2-E6F5-44E4-BFCC-617AE05C0D56} = {8AB5E0FE-C4BA-4051-B3F6-676C43AE034C}
		{EFDED978-4261-4E2F-B6F0-4F19A48010F5} = {62DE713E-2760-4E17-8622-D3D85B354483}
		{0EB16EE7-A36A-4ECA-8729-25D501A8626F} = {2E89C826-0D34-442A-8633-729971FE82C4}
	EndGlobalSection
	GlobalSection(ProjectConfigurationPlatforms) = postSolution
		{53B2892E-4188-4EA5-8623-589C4815D1BA}.Debug|Any CPU.ActiveCfg = Debug|Any CPU
		{53B2892E-4188-4EA5-8623-589C4815D1BA}.Debug|Any CPU.Build.0 = Debug|Any CPU
		{53B2892E-4188-4EA5-8623-589C4815D1BA}.Debug|x64.ActiveCfg = Debug|Any CPU
		{53B2892E-4188-4EA5-8623-589C4815D1BA}.Debug|x64.Build.0 = Debug|Any CPU
		{53B2892E-4188-4EA5-8623-589C4815D1BA}.Debug|x86.ActiveCfg = Debug|Any CPU
		{53B2892E-4188-4EA5-8623-589C4815D1BA}.Debug|x86.Build.0 = Debug|Any CPU
		{53B2892E-4188-4EA5-8623-589C4815D1BA}.Release|Any CPU.ActiveCfg = Release|Any CPU
		{53B2892E-4188-4EA5-8623-589C4815D1BA}.Release|Any CPU.Build.0 = Release|Any CPU
		{53B2892E-4188-4EA5-8623-589C4815D1BA}.Release|x64.ActiveCfg = Release|Any CPU
		{53B2892E-4188-4EA5-8623-589C4815D1BA}.Release|x64.Build.0 = Release|Any CPU
		{53B2892E-4188-4EA5-8623-589C4815D1BA}.Release|x86.ActiveCfg = Release|Any CPU
		{53B2892E-4188-4EA5-8623-589C4815D1BA}.Release|x86.Build.0 = Release|Any CPU
		{A2BDB7D4-B8D6-4D9B-8381-CC6726734515}.Debug|Any CPU.ActiveCfg = Debug|Any CPU
		{A2BDB7D4-B8D6-4D9B-8381-CC6726734515}.Debug|Any CPU.Build.0 = Debug|Any CPU
		{A2BDB7D4-B8D6-4D9B-8381-CC6726734515}.Debug|x64.ActiveCfg = Debug|Any CPU
		{A2BDB7D4-B8D6-4D9B-8381-CC6726734515}.Debug|x64.Build.0 = Debug|Any CPU
		{A2BDB7D4-B8D6-4D9B-8381-CC6726734515}.Debug|x86.ActiveCfg = Debug|Any CPU
		{A2BDB7D4-B8D6-4D9B-8381-CC6726734515}.Debug|x86.Build.0 = Debug|Any CPU
		{A2BDB7D4-B8D6-4D9B-8381-CC6726734515}.Release|Any CPU.ActiveCfg = Release|Any CPU
		{A2BDB7D4-B8D6-4D9B-8381-CC6726734515}.Release|Any CPU.Build.0 = Release|Any CPU
		{A2BDB7D4-B8D6-4D9B-8381-CC6726734515}.Release|x64.ActiveCfg = Release|Any CPU
		{A2BDB7D4-B8D6-4D9B-8381-CC6726734515}.Release|x64.Build.0 = Release|Any CPU
		{A2BDB7D4-B8D6-4D9B-8381-CC6726734515}.Release|x86.ActiveCfg = Release|Any CPU
		{A2BDB7D4-B8D6-4D9B-8381-CC6726734515}.Release|x86.Build.0 = Release|Any CPU
		{2BA97834-995A-47CE-9C7C-CD1782CF1C6E}.Debug|Any CPU.ActiveCfg = Debug|Any CPU
		{2BA97834-995A-47CE-9C7C-CD1782CF1C6E}.Debug|Any CPU.Build.0 = Debug|Any CPU
		{2BA97834-995A-47CE-9C7C-CD1782CF1C6E}.Debug|x64.ActiveCfg = Debug|Any CPU
		{2BA97834-995A-47CE-9C7C-CD1782CF1C6E}.Debug|x64.Build.0 = Debug|Any CPU
		{2BA97834-995A-47CE-9C7C-CD1782CF1C6E}.Debug|x86.ActiveCfg = Debug|Any CPU
		{2BA97834-995A-47CE-9C7C-CD1782CF1C6E}.Debug|x86.Build.0 = Debug|Any CPU
		{2BA97834-995A-47CE-9C7C-CD1782CF1C6E}.Release|Any CPU.ActiveCfg = Release|Any CPU
		{2BA97834-995A-47CE-9C7C-CD1782CF1C6E}.Release|Any CPU.Build.0 = Release|Any CPU
		{2BA97834-995A-47CE-9C7C-CD1782CF1C6E}.Release|x64.ActiveCfg = Release|Any CPU
		{2BA97834-995A-47CE-9C7C-CD1782CF1C6E}.Release|x64.Build.0 = Release|Any CPU
		{2BA97834-995A-47CE-9C7C-CD1782CF1C6E}.Release|x86.ActiveCfg = Release|Any CPU
		{2BA97834-995A-47CE-9C7C-CD1782CF1C6E}.Release|x86.Build.0 = Release|Any CPU
		{94ADEFB2-E096-4000-B474-B1D67F6B2C34}.Debug|Any CPU.ActiveCfg = Debug|Any CPU
		{94ADEFB2-E096-4000-B474-B1D67F6B2C34}.Debug|Any CPU.Build.0 = Debug|Any CPU
		{94ADEFB2-E096-4000-B474-B1D67F6B2C34}.Debug|x64.ActiveCfg = Debug|Any CPU
		{94ADEFB2-E096-4000-B474-B1D67F6B2C34}.Debug|x64.Build.0 = Debug|Any CPU
		{94ADEFB2-E096-4000-B474-B1D67F6B2C34}.Debug|x86.ActiveCfg = Debug|Any CPU
		{94ADEFB2-E096-4000-B474-B1D67F6B2C34}.Debug|x86.Build.0 = Debug|Any CPU
		{94ADEFB2-E096-4000-B474-B1D67F6B2C34}.Release|Any CPU.ActiveCfg = Release|Any CPU
		{94ADEFB2-E096-4000-B474-B1D67F6B2C34}.Release|Any CPU.Build.0 = Release|Any CPU
		{94ADEFB2-E096-4000-B474-B1D67F6B2C34}.Release|x64.ActiveCfg = Release|Any CPU
		{94ADEFB2-E096-4000-B474-B1D67F6B2C34}.Release|x64.Build.0 = Release|Any CPU
		{94ADEFB2-E096-4000-B474-B1D67F6B2C34}.Release|x86.ActiveCfg = Release|Any CPU
		{94ADEFB2-E096-4000-B474-B1D67F6B2C34}.Release|x86.Build.0 = Release|Any CPU
		{4CCC8FA8-33E2-41AC-99DC-2AACF50AD73E}.Debug|Any CPU.ActiveCfg = Debug|Any CPU
		{4CCC8FA8-33E2-41AC-99DC-2AACF50AD73E}.Debug|Any CPU.Build.0 = Debug|Any CPU
		{4CCC8FA8-33E2-41AC-99DC-2AACF50AD73E}.Debug|x64.ActiveCfg = Debug|Any CPU
		{4CCC8FA8-33E2-41AC-99DC-2AACF50AD73E}.Debug|x64.Build.0 = Debug|Any CPU
		{4CCC8FA8-33E2-41AC-99DC-2AACF50AD73E}.Debug|x86.ActiveCfg = Debug|Any CPU
		{4CCC8FA8-33E2-41AC-99DC-2AACF50AD73E}.Debug|x86.Build.0 = Debug|Any CPU
		{4CCC8FA8-33E2-41AC-99DC-2AACF50AD73E}.Release|Any CPU.ActiveCfg = Release|Any CPU
		{4CCC8FA8-33E2-41AC-99DC-2AACF50AD73E}.Release|Any CPU.Build.0 = Release|Any CPU
		{4CCC8FA8-33E2-41AC-99DC-2AACF50AD73E}.Release|x64.ActiveCfg = Release|Any CPU
		{4CCC8FA8-33E2-41AC-99DC-2AACF50AD73E}.Release|x64.Build.0 = Release|Any CPU
		{4CCC8FA8-33E2-41AC-99DC-2AACF50AD73E}.Release|x86.ActiveCfg = Release|Any CPU
		{4CCC8FA8-33E2-41AC-99DC-2AACF50AD73E}.Release|x86.Build.0 = Release|Any CPU
		{9AFA1E62-1369-48F9-9761-0FA22C236680}.Debug|Any CPU.ActiveCfg = Debug|Any CPU
		{9AFA1E62-1369-48F9-9761-0FA22C236680}.Debug|Any CPU.Build.0 = Debug|Any CPU
		{9AFA1E62-1369-48F9-9761-0FA22C236680}.Debug|x64.ActiveCfg = Debug|Any CPU
		{9AFA1E62-1369-48F9-9761-0FA22C236680}.Debug|x64.Build.0 = Debug|Any CPU
		{9AFA1E62-1369-48F9-9761-0FA22C236680}.Debug|x86.ActiveCfg = Debug|Any CPU
		{9AFA1E62-1369-48F9-9761-0FA22C236680}.Debug|x86.Build.0 = Debug|Any CPU
		{9AFA1E62-1369-48F9-9761-0FA22C236680}.Release|Any CPU.ActiveCfg = Release|Any CPU
		{9AFA1E62-1369-48F9-9761-0FA22C236680}.Release|Any CPU.Build.0 = Release|Any CPU
		{9AFA1E62-1369-48F9-9761-0FA22C236680}.Release|x64.ActiveCfg = Release|Any CPU
		{9AFA1E62-1369-48F9-9761-0FA22C236680}.Release|x64.Build.0 = Release|Any CPU
		{9AFA1E62-1369-48F9-9761-0FA22C236680}.Release|x86.ActiveCfg = Release|Any CPU
		{9AFA1E62-1369-48F9-9761-0FA22C236680}.Release|x86.Build.0 = Release|Any CPU
		{53A4BC29-F88D-40AC-966A-C7E491AE1321}.Debug|Any CPU.ActiveCfg = Debug|Any CPU
		{53A4BC29-F88D-40AC-966A-C7E491AE1321}.Debug|Any CPU.Build.0 = Debug|Any CPU
		{53A4BC29-F88D-40AC-966A-C7E491AE1321}.Debug|x64.ActiveCfg = Debug|Any CPU
		{53A4BC29-F88D-40AC-966A-C7E491AE1321}.Debug|x64.Build.0 = Debug|Any CPU
		{53A4BC29-F88D-40AC-966A-C7E491AE1321}.Debug|x86.ActiveCfg = Debug|Any CPU
		{53A4BC29-F88D-40AC-966A-C7E491AE1321}.Debug|x86.Build.0 = Debug|Any CPU
		{53A4BC29-F88D-40AC-966A-C7E491AE1321}.Release|Any CPU.ActiveCfg = Release|Any CPU
		{53A4BC29-F88D-40AC-966A-C7E491AE1321}.Release|Any CPU.Build.0 = Release|Any CPU
		{53A4BC29-F88D-40AC-966A-C7E491AE1321}.Release|x64.ActiveCfg = Release|Any CPU
		{53A4BC29-F88D-40AC-966A-C7E491AE1321}.Release|x64.Build.0 = Release|Any CPU
		{53A4BC29-F88D-40AC-966A-C7E491AE1321}.Release|x86.ActiveCfg = Release|Any CPU
		{53A4BC29-F88D-40AC-966A-C7E491AE1321}.Release|x86.Build.0 = Release|Any CPU
		{567F5E5A-C820-4F88-97E9-F3A95554FCD3}.Debug|Any CPU.ActiveCfg = Debug|Any CPU
		{567F5E5A-C820-4F88-97E9-F3A95554FCD3}.Debug|Any CPU.Build.0 = Debug|Any CPU
		{567F5E5A-C820-4F88-97E9-F3A95554FCD3}.Debug|x64.ActiveCfg = Debug|Any CPU
		{567F5E5A-C820-4F88-97E9-F3A95554FCD3}.Debug|x64.Build.0 = Debug|Any CPU
		{567F5E5A-C820-4F88-97E9-F3A95554FCD3}.Debug|x86.ActiveCfg = Debug|Any CPU
		{567F5E5A-C820-4F88-97E9-F3A95554FCD3}.Debug|x86.Build.0 = Debug|Any CPU
		{567F5E5A-C820-4F88-97E9-F3A95554FCD3}.Release|Any CPU.ActiveCfg = Release|Any CPU
		{567F5E5A-C820-4F88-97E9-F3A95554FCD3}.Release|Any CPU.Build.0 = Release|Any CPU
		{567F5E5A-C820-4F88-97E9-F3A95554FCD3}.Release|x64.ActiveCfg = Release|Any CPU
		{567F5E5A-C820-4F88-97E9-F3A95554FCD3}.Release|x64.Build.0 = Release|Any CPU
		{567F5E5A-C820-4F88-97E9-F3A95554FCD3}.Release|x86.ActiveCfg = Release|Any CPU
		{567F5E5A-C820-4F88-97E9-F3A95554FCD3}.Release|x86.Build.0 = Release|Any CPU
		{2F4D7EDB-2FA9-49A3-A46F-E0307E9E67AE}.Debug|Any CPU.ActiveCfg = Debug|Any CPU
		{2F4D7EDB-2FA9-49A3-A46F-E0307E9E67AE}.Debug|Any CPU.Build.0 = Debug|Any CPU
		{2F4D7EDB-2FA9-49A3-A46F-E0307E9E67AE}.Debug|x64.ActiveCfg = Debug|Any CPU
		{2F4D7EDB-2FA9-49A3-A46F-E0307E9E67AE}.Debug|x64.Build.0 = Debug|Any CPU
		{2F4D7EDB-2FA9-49A3-A46F-E0307E9E67AE}.Debug|x86.ActiveCfg = Debug|Any CPU
		{2F4D7EDB-2FA9-49A3-A46F-E0307E9E67AE}.Debug|x86.Build.0 = Debug|Any CPU
		{2F4D7EDB-2FA9-49A3-A46F-E0307E9E67AE}.Release|Any CPU.ActiveCfg = Release|Any CPU
		{2F4D7EDB-2FA9-49A3-A46F-E0307E9E67AE}.Release|Any CPU.Build.0 = Release|Any CPU
		{2F4D7EDB-2FA9-49A3-A46F-E0307E9E67AE}.Release|x64.ActiveCfg = Release|Any CPU
		{2F4D7EDB-2FA9-49A3-A46F-E0307E9E67AE}.Release|x64.Build.0 = Release|Any CPU
		{2F4D7EDB-2FA9-49A3-A46F-E0307E9E67AE}.Release|x86.ActiveCfg = Release|Any CPU
		{2F4D7EDB-2FA9-49A3-A46F-E0307E9E67AE}.Release|x86.Build.0 = Release|Any CPU
		{D59545DA-77E1-46C8-8AA0-6D1874E4D865}.Debug|Any CPU.ActiveCfg = Debug|Any CPU
		{D59545DA-77E1-46C8-8AA0-6D1874E4D865}.Debug|Any CPU.Build.0 = Debug|Any CPU
		{D59545DA-77E1-46C8-8AA0-6D1874E4D865}.Debug|x64.ActiveCfg = Debug|Any CPU
		{D59545DA-77E1-46C8-8AA0-6D1874E4D865}.Debug|x64.Build.0 = Debug|Any CPU
		{D59545DA-77E1-46C8-8AA0-6D1874E4D865}.Debug|x86.ActiveCfg = Debug|Any CPU
		{D59545DA-77E1-46C8-8AA0-6D1874E4D865}.Debug|x86.Build.0 = Debug|Any CPU
		{D59545DA-77E1-46C8-8AA0-6D1874E4D865}.Release|Any CPU.ActiveCfg = Release|Any CPU
		{D59545DA-77E1-46C8-8AA0-6D1874E4D865}.Release|Any CPU.Build.0 = Release|Any CPU
		{D59545DA-77E1-46C8-8AA0-6D1874E4D865}.Release|x64.ActiveCfg = Release|Any CPU
		{D59545DA-77E1-46C8-8AA0-6D1874E4D865}.Release|x64.Build.0 = Release|Any CPU
		{D59545DA-77E1-46C8-8AA0-6D1874E4D865}.Release|x86.ActiveCfg = Release|Any CPU
		{D59545DA-77E1-46C8-8AA0-6D1874E4D865}.Release|x86.Build.0 = Release|Any CPU
		{0F6C7632-E39C-412B-8BDE-4669DEFB2CF9}.Debug|Any CPU.ActiveCfg = Debug|Any CPU
		{0F6C7632-E39C-412B-8BDE-4669DEFB2CF9}.Debug|Any CPU.Build.0 = Debug|Any CPU
		{0F6C7632-E39C-412B-8BDE-4669DEFB2CF9}.Debug|x64.ActiveCfg = Debug|Any CPU
		{0F6C7632-E39C-412B-8BDE-4669DEFB2CF9}.Debug|x64.Build.0 = Debug|Any CPU
		{0F6C7632-E39C-412B-8BDE-4669DEFB2CF9}.Debug|x86.ActiveCfg = Debug|Any CPU
		{0F6C7632-E39C-412B-8BDE-4669DEFB2CF9}.Debug|x86.Build.0 = Debug|Any CPU
		{0F6C7632-E39C-412B-8BDE-4669DEFB2CF9}.Release|Any CPU.ActiveCfg = Release|Any CPU
		{0F6C7632-E39C-412B-8BDE-4669DEFB2CF9}.Release|Any CPU.Build.0 = Release|Any CPU
		{0F6C7632-E39C-412B-8BDE-4669DEFB2CF9}.Release|x64.ActiveCfg = Release|Any CPU
		{0F6C7632-E39C-412B-8BDE-4669DEFB2CF9}.Release|x64.Build.0 = Release|Any CPU
		{0F6C7632-E39C-412B-8BDE-4669DEFB2CF9}.Release|x86.ActiveCfg = Release|Any CPU
		{0F6C7632-E39C-412B-8BDE-4669DEFB2CF9}.Release|x86.Build.0 = Release|Any CPU
		{056E96F4-9105-470B-BBD4-BA482A76AC5B}.Debug|Any CPU.ActiveCfg = Debug|Any CPU
		{056E96F4-9105-470B-BBD4-BA482A76AC5B}.Debug|Any CPU.Build.0 = Debug|Any CPU
		{056E96F4-9105-470B-BBD4-BA482A76AC5B}.Debug|x64.ActiveCfg = Debug|Any CPU
		{056E96F4-9105-470B-BBD4-BA482A76AC5B}.Debug|x64.Build.0 = Debug|Any CPU
		{056E96F4-9105-470B-BBD4-BA482A76AC5B}.Debug|x86.ActiveCfg = Debug|Any CPU
		{056E96F4-9105-470B-BBD4-BA482A76AC5B}.Debug|x86.Build.0 = Debug|Any CPU
		{056E96F4-9105-470B-BBD4-BA482A76AC5B}.Release|Any CPU.ActiveCfg = Release|Any CPU
		{056E96F4-9105-470B-BBD4-BA482A76AC5B}.Release|Any CPU.Build.0 = Release|Any CPU
		{056E96F4-9105-470B-BBD4-BA482A76AC5B}.Release|x64.ActiveCfg = Release|Any CPU
		{056E96F4-9105-470B-BBD4-BA482A76AC5B}.Release|x64.Build.0 = Release|Any CPU
		{056E96F4-9105-470B-BBD4-BA482A76AC5B}.Release|x86.ActiveCfg = Release|Any CPU
		{056E96F4-9105-470B-BBD4-BA482A76AC5B}.Release|x86.Build.0 = Release|Any CPU
		{8A34AF45-FF32-46F0-B0F5-F59F92EC3875}.Debug|Any CPU.ActiveCfg = Debug|Any CPU
		{8A34AF45-FF32-46F0-B0F5-F59F92EC3875}.Debug|Any CPU.Build.0 = Debug|Any CPU
		{8A34AF45-FF32-46F0-B0F5-F59F92EC3875}.Debug|x64.ActiveCfg = Debug|Any CPU
		{8A34AF45-FF32-46F0-B0F5-F59F92EC3875}.Debug|x64.Build.0 = Debug|Any CPU
		{8A34AF45-FF32-46F0-B0F5-F59F92EC3875}.Debug|x86.ActiveCfg = Debug|Any CPU
		{8A34AF45-FF32-46F0-B0F5-F59F92EC3875}.Debug|x86.Build.0 = Debug|Any CPU
		{8A34AF45-FF32-46F0-B0F5-F59F92EC3875}.Release|Any CPU.ActiveCfg = Release|Any CPU
		{8A34AF45-FF32-46F0-B0F5-F59F92EC3875}.Release|Any CPU.Build.0 = Release|Any CPU
		{8A34AF45-FF32-46F0-B0F5-F59F92EC3875}.Release|x64.ActiveCfg = Release|Any CPU
		{8A34AF45-FF32-46F0-B0F5-F59F92EC3875}.Release|x64.Build.0 = Release|Any CPU
		{8A34AF45-FF32-46F0-B0F5-F59F92EC3875}.Release|x86.ActiveCfg = Release|Any CPU
		{8A34AF45-FF32-46F0-B0F5-F59F92EC3875}.Release|x86.Build.0 = Release|Any CPU
		{8C435B45-BC63-4F6B-84ED-18A637E9043C}.Debug|Any CPU.ActiveCfg = Debug|Any CPU
		{8C435B45-BC63-4F6B-84ED-18A637E9043C}.Debug|Any CPU.Build.0 = Debug|Any CPU
		{8C435B45-BC63-4F6B-84ED-18A637E9043C}.Debug|x64.ActiveCfg = Debug|Any CPU
		{8C435B45-BC63-4F6B-84ED-18A637E9043C}.Debug|x64.Build.0 = Debug|Any CPU
		{8C435B45-BC63-4F6B-84ED-18A637E9043C}.Debug|x86.ActiveCfg = Debug|Any CPU
		{8C435B45-BC63-4F6B-84ED-18A637E9043C}.Debug|x86.Build.0 = Debug|Any CPU
		{8C435B45-BC63-4F6B-84ED-18A637E9043C}.Release|Any CPU.ActiveCfg = Release|Any CPU
		{8C435B45-BC63-4F6B-84ED-18A637E9043C}.Release|Any CPU.Build.0 = Release|Any CPU
		{8C435B45-BC63-4F6B-84ED-18A637E9043C}.Release|x64.ActiveCfg = Release|Any CPU
		{8C435B45-BC63-4F6B-84ED-18A637E9043C}.Release|x64.Build.0 = Release|Any CPU
		{8C435B45-BC63-4F6B-84ED-18A637E9043C}.Release|x86.ActiveCfg = Release|Any CPU
		{8C435B45-BC63-4F6B-84ED-18A637E9043C}.Release|x86.Build.0 = Release|Any CPU
		{453C0867-C189-42C6-98D3-AF70327B9DA0}.Debug|Any CPU.ActiveCfg = Debug|Any CPU
		{453C0867-C189-42C6-98D3-AF70327B9DA0}.Debug|Any CPU.Build.0 = Debug|Any CPU
		{453C0867-C189-42C6-98D3-AF70327B9DA0}.Debug|x64.ActiveCfg = Debug|Any CPU
		{453C0867-C189-42C6-98D3-AF70327B9DA0}.Debug|x64.Build.0 = Debug|Any CPU
		{453C0867-C189-42C6-98D3-AF70327B9DA0}.Debug|x86.ActiveCfg = Debug|Any CPU
		{453C0867-C189-42C6-98D3-AF70327B9DA0}.Debug|x86.Build.0 = Debug|Any CPU
		{453C0867-C189-42C6-98D3-AF70327B9DA0}.Release|Any CPU.ActiveCfg = Release|Any CPU
		{453C0867-C189-42C6-98D3-AF70327B9DA0}.Release|Any CPU.Build.0 = Release|Any CPU
		{453C0867-C189-42C6-98D3-AF70327B9DA0}.Release|x64.ActiveCfg = Release|Any CPU
		{453C0867-C189-42C6-98D3-AF70327B9DA0}.Release|x64.Build.0 = Release|Any CPU
		{453C0867-C189-42C6-98D3-AF70327B9DA0}.Release|x86.ActiveCfg = Release|Any CPU
		{453C0867-C189-42C6-98D3-AF70327B9DA0}.Release|x86.Build.0 = Release|Any CPU
		{DB32D243-14BD-4A73-8047-525728E3A78D}.Debug|Any CPU.ActiveCfg = Debug|Any CPU
		{DB32D243-14BD-4A73-8047-525728E3A78D}.Debug|Any CPU.Build.0 = Debug|Any CPU
		{DB32D243-14BD-4A73-8047-525728E3A78D}.Debug|x64.ActiveCfg = Debug|Any CPU
		{DB32D243-14BD-4A73-8047-525728E3A78D}.Debug|x64.Build.0 = Debug|Any CPU
		{DB32D243-14BD-4A73-8047-525728E3A78D}.Debug|x86.ActiveCfg = Debug|Any CPU
		{DB32D243-14BD-4A73-8047-525728E3A78D}.Debug|x86.Build.0 = Debug|Any CPU
		{DB32D243-14BD-4A73-8047-525728E3A78D}.Release|Any CPU.ActiveCfg = Release|Any CPU
		{DB32D243-14BD-4A73-8047-525728E3A78D}.Release|Any CPU.Build.0 = Release|Any CPU
		{DB32D243-14BD-4A73-8047-525728E3A78D}.Release|x64.ActiveCfg = Release|Any CPU
		{DB32D243-14BD-4A73-8047-525728E3A78D}.Release|x64.Build.0 = Release|Any CPU
		{DB32D243-14BD-4A73-8047-525728E3A78D}.Release|x86.ActiveCfg = Release|Any CPU
		{DB32D243-14BD-4A73-8047-525728E3A78D}.Release|x86.Build.0 = Release|Any CPU
		{706780B2-E6F5-44E4-BFCC-617AE05C0D56}.Debug|Any CPU.ActiveCfg = Debug|Any CPU
		{706780B2-E6F5-44E4-BFCC-617AE05C0D56}.Debug|Any CPU.Build.0 = Debug|Any CPU
		{706780B2-E6F5-44E4-BFCC-617AE05C0D56}.Debug|x64.ActiveCfg = Debug|Any CPU
		{706780B2-E6F5-44E4-BFCC-617AE05C0D56}.Debug|x64.Build.0 = Debug|Any CPU
		{706780B2-E6F5-44E4-BFCC-617AE05C0D56}.Debug|x86.ActiveCfg = Debug|Any CPU
		{706780B2-E6F5-44E4-BFCC-617AE05C0D56}.Debug|x86.Build.0 = Debug|Any CPU
		{706780B2-E6F5-44E4-BFCC-617AE05C0D56}.Release|Any CPU.ActiveCfg = Release|Any CPU
		{706780B2-E6F5-44E4-BFCC-617AE05C0D56}.Release|Any CPU.Build.0 = Release|Any CPU
		{706780B2-E6F5-44E4-BFCC-617AE05C0D56}.Release|x64.ActiveCfg = Release|Any CPU
		{706780B2-E6F5-44E4-BFCC-617AE05C0D56}.Release|x64.Build.0 = Release|Any CPU
		{706780B2-E6F5-44E4-BFCC-617AE05C0D56}.Release|x86.ActiveCfg = Release|Any CPU
		{706780B2-E6F5-44E4-BFCC-617AE05C0D56}.Release|x86.Build.0 = Release|Any CPU
		{EFDED978-4261-4E2F-B6F0-4F19A48010F5}.Debug|Any CPU.ActiveCfg = Debug|Any CPU
		{EFDED978-4261-4E2F-B6F0-4F19A48010F5}.Debug|Any CPU.Build.0 = Debug|Any CPU
		{EFDED978-4261-4E2F-B6F0-4F19A48010F5}.Debug|x64.ActiveCfg = Debug|Any CPU
		{EFDED978-4261-4E2F-B6F0-4F19A48010F5}.Debug|x64.Build.0 = Debug|Any CPU
		{EFDED978-4261-4E2F-B6F0-4F19A48010F5}.Debug|x86.ActiveCfg = Debug|Any CPU
		{EFDED978-4261-4E2F-B6F0-4F19A48010F5}.Debug|x86.Build.0 = Debug|Any CPU
		{EFDED978-4261-4E2F-B6F0-4F19A48010F5}.Release|Any CPU.ActiveCfg = Release|Any CPU
		{EFDED978-4261-4E2F-B6F0-4F19A48010F5}.Release|Any CPU.Build.0 = Release|Any CPU
		{EFDED978-4261-4E2F-B6F0-4F19A48010F5}.Release|x64.ActiveCfg = Release|Any CPU
		{EFDED978-4261-4E2F-B6F0-4F19A48010F5}.Release|x64.Build.0 = Release|Any CPU
		{EFDED978-4261-4E2F-B6F0-4F19A48010F5}.Release|x86.ActiveCfg = Release|Any CPU
		{EFDED978-4261-4E2F-B6F0-4F19A48010F5}.Release|x86.Build.0 = Release|Any CPU
		{0EB16EE7-A36A-4ECA-8729-25D501A8626F}.Debug|Any CPU.ActiveCfg = Debug|Any CPU
		{0EB16EE7-A36A-4ECA-8729-25D501A8626F}.Debug|Any CPU.Build.0 = Debug|Any CPU
		{0EB16EE7-A36A-4ECA-8729-25D501A8626F}.Debug|x64.ActiveCfg = Debug|Any CPU
		{0EB16EE7-A36A-4ECA-8729-25D501A8626F}.Debug|x64.Build.0 = Debug|Any CPU
		{0EB16EE7-A36A-4ECA-8729-25D501A8626F}.Debug|x86.ActiveCfg = Debug|Any CPU
		{0EB16EE7-A36A-4ECA-8729-25D501A8626F}.Debug|x86.Build.0 = Debug|Any CPU
		{0EB16EE7-A36A-4ECA-8729-25D501A8626F}.Release|Any CPU.ActiveCfg = Release|Any CPU
		{0EB16EE7-A36A-4ECA-8729-25D501A8626F}.Release|Any CPU.Build.0 = Release|Any CPU
		{0EB16EE7-A36A-4ECA-8729-25D501A8626F}.Release|x64.ActiveCfg = Release|Any CPU
		{0EB16EE7-A36A-4ECA-8729-25D501A8626F}.Release|x64.Build.0 = Release|Any CPU
		{0EB16EE7-A36A-4ECA-8729-25D501A8626F}.Release|x86.ActiveCfg = Release|Any CPU
		{0EB16EE7-A36A-4ECA-8729-25D501A8626F}.Release|x86.Build.0 = Release|Any CPU
	EndGlobalSection
EndGlobal
