
Microsoft Visual Studio Solution File, Format Version 12.00
# Visual Studio Version 16
VisualStudioVersion = 16.0.30717.126
MinimumVisualStudioVersion = 15.0.26124.0
Project("{2150E333-8FDC-42A3-9474-1A3956D46DE8}") = "src", "src", "{CB6C9D03-DCD9-4C80-B897-F88BEFBF3720}"
EndProject
Project("{2150E333-8FDC-42A3-9474-1A3956D46DE8}") = "tests", "tests", "{D7F7EF9B-A27F-49B1-9746-38BB45AC533B}"
EndProject
Project("{2150E333-8FDC-42A3-9474-1A3956D46DE8}") = "Abstracts", "Abstracts", "{1785C15A-706F-408D-9A46-6084263CC018}"
EndProject
Project("{2150E333-8FDC-42A3-9474-1A3956D46DE8}") = "Impls", "Impls", "{0EC05028-A8CF-463C-AE7C-2B5FB08DBEFA}"
EndProject
Project("{9A19103F-16F7-4668-BE54-9A1E7A4F7556}") = "KCommon.Core", "src\Impls\KCommon.Core\KCommon.Core.csproj", "{4836EF45-BD31-4ED8-AC08-A435F09DCAE6}"
EndProject
Project("{9A19103F-16F7-4668-BE54-9A1E7A4F7556}") = "KCommon.Core.Abstract", "src\Abstracts\KCommon.Core.Abstract\KCommon.Core.Abstract.csproj", "{CF0F7B94-57BB-481A-8DC4-2B5D20A44AFA}"
EndProject
Project("{2150E333-8FDC-42A3-9474-1A3956D46DE8}") = "UnitTests", "UnitTests", "{826A8381-1241-4D60-8A1D-C931E688A98C}"
EndProject
Project("{2150E333-8FDC-42A3-9474-1A3956D46DE8}") = "FunctionalTests", "FunctionalTests", "{D75FC6C9-3706-43CB-AFD9-BAB7F16F57C9}"
EndProject
Project("{9A19103F-16F7-4668-BE54-9A1E7A4F7556}") = "KCommon.Core.Autofac", "src\Impls\KCommon.Core.Autofac\KCommon.Core.Autofac.csproj", "{02F0B34F-C27B-42AD-83B2-95DC5D496BC5}"
EndProject
Project("{9A19103F-16F7-4668-BE54-9A1E7A4F7556}") = "KCommon.Core.BasicHttp", "src\Impls\KCommon.Core.BasicHttp\KCommon.Core.BasicHttp.csproj", "{229EF34C-2EEA-4729-874E-4A99C405C181}"
EndProject
Project("{9A19103F-16F7-4668-BE54-9A1E7A4F7556}") = "KCommon.Core.JsonNet", "src\Impls\KCommon.Core.JsonNet\KCommon.Core.JsonNet.csproj", "{3779EAEC-FCAF-4F24-A782-00FF5D5C75DB}"
EndProject
Project("{9A19103F-16F7-4668-BE54-9A1E7A4F7556}") = "KCommon.Core.Nlog", "src\Impls\KCommon.Core.Nlog\KCommon.Core.Nlog.csproj", "{31A94FA2-C3DD-4BB8-9386-589D69002ACA}"
EndProject
Project("{9A19103F-16F7-4668-BE54-9A1E7A4F7556}") = "KCommon.Core.MemoryCache", "src\Impls\KCommon.Core.MemoryCache\KCommon.Core.MemoryCache.csproj", "{68FA24D1-43F1-4264-9F11-E78DE1A7EFE7}"
EndProject
Project("{9A19103F-16F7-4668-BE54-9A1E7A4F7556}") = "KCommon.Core.RedisCache", "src\Impls\KCommon.Core.RedisCache\KCommon.Core.RedisCache.csproj", "{E3E98FDC-4E5E-4B5E-A7AA-B927C3C10E0D}"
EndProject
Project("{9A19103F-16F7-4668-BE54-9A1E7A4F7556}") = "KCommon.DDD", "src\Impls\KCommon.DDD\KCommon.DDD.csproj", "{24ADA075-55D3-4677-9A10-96E506949C6F}"
EndProject
Project("{9A19103F-16F7-4668-BE54-9A1E7A4F7556}") = "KCommon.Web", "src\Impls\KCommon.Web\KCommon.Web.csproj", "{11235C9D-B889-4BAA-B8E9-9E75E5074003}"
EndProject
Project("{9A19103F-16F7-4668-BE54-9A1E7A4F7556}") = "KCommon.Core.FunctionalTests", "tests\FunctionalTests\KCommon.Core.FunctionalTests\KCommon.Core.FunctionalTests.csproj", "{5411AFD8-DF4C-4786-8A74-3BCB3667F493}"
EndProject
Project("{9A19103F-16F7-4668-BE54-9A1E7A4F7556}") = "KCommon.Core.Serilog", "src\Impls\KCommon.Core.Serilog\KCommon.Core.Serilog.csproj", "{787A3904-70FC-4662-AB40-563F56BC40DF}"
EndProject
Project("{9A19103F-16F7-4668-BE54-9A1E7A4F7556}") = "KCommon.MicroServices", "src\Impls\KCommon.MicroServices\KCommon.MicroServices.csproj", "{1C76125C-B133-4FFE-BEF2-930E9B479529}"
EndProject
Project("{9A19103F-16F7-4668-BE54-9A1E7A4F7556}") = "KCommon.MicrosSrvices.Abstract", "src\Abstracts\KCommon.MicrosSrvices.Abstract\KCommon.MicrosSrvices.Abstract.csproj", "{15C8BFD9-AD70-4C6A-BE37-0E6011E64786}"
EndProject
Global
	GlobalSection(SolutionConfigurationPlatforms) = preSolution
		Debug|Any CPU = Debug|Any CPU
		Debug|x64 = Debug|x64
		Debug|x86 = Debug|x86
		Release|Any CPU = Release|Any CPU
		Release|x64 = Release|x64
		Release|x86 = Release|x86
	EndGlobalSection
	GlobalSection(ProjectConfigurationPlatforms) = postSolution
		{4836EF45-BD31-4ED8-AC08-A435F09DCAE6}.Debug|Any CPU.ActiveCfg = Debug|Any CPU
		{4836EF45-BD31-4ED8-AC08-A435F09DCAE6}.Debug|Any CPU.Build.0 = Debug|Any CPU
		{4836EF45-BD31-4ED8-AC08-A435F09DCAE6}.Debug|x64.ActiveCfg = Debug|Any CPU
		{4836EF45-BD31-4ED8-AC08-A435F09DCAE6}.Debug|x64.Build.0 = Debug|Any CPU
		{4836EF45-BD31-4ED8-AC08-A435F09DCAE6}.Debug|x86.ActiveCfg = Debug|Any CPU
		{4836EF45-BD31-4ED8-AC08-A435F09DCAE6}.Debug|x86.Build.0 = Debug|Any CPU
		{4836EF45-BD31-4ED8-AC08-A435F09DCAE6}.Release|Any CPU.ActiveCfg = Release|Any CPU
		{4836EF45-BD31-4ED8-AC08-A435F09DCAE6}.Release|Any CPU.Build.0 = Release|Any CPU
		{4836EF45-BD31-4ED8-AC08-A435F09DCAE6}.Release|x64.ActiveCfg = Release|Any CPU
		{4836EF45-BD31-4ED8-AC08-A435F09DCAE6}.Release|x64.Build.0 = Release|Any CPU
		{4836EF45-BD31-4ED8-AC08-A435F09DCAE6}.Release|x86.ActiveCfg = Release|Any CPU
		{4836EF45-BD31-4ED8-AC08-A435F09DCAE6}.Release|x86.Build.0 = Release|Any CPU
		{CF0F7B94-57BB-481A-8DC4-2B5D20A44AFA}.Debug|Any CPU.ActiveCfg = Debug|Any CPU
		{CF0F7B94-57BB-481A-8DC4-2B5D20A44AFA}.Debug|Any CPU.Build.0 = Debug|Any CPU
		{CF0F7B94-57BB-481A-8DC4-2B5D20A44AFA}.Debug|x64.ActiveCfg = Debug|Any CPU
		{CF0F7B94-57BB-481A-8DC4-2B5D20A44AFA}.Debug|x64.Build.0 = Debug|Any CPU
		{CF0F7B94-57BB-481A-8DC4-2B5D20A44AFA}.Debug|x86.ActiveCfg = Debug|Any CPU
		{CF0F7B94-57BB-481A-8DC4-2B5D20A44AFA}.Debug|x86.Build.0 = Debug|Any CPU
		{CF0F7B94-57BB-481A-8DC4-2B5D20A44AFA}.Release|Any CPU.ActiveCfg = Release|Any CPU
		{CF0F7B94-57BB-481A-8DC4-2B5D20A44AFA}.Release|Any CPU.Build.0 = Release|Any CPU
		{CF0F7B94-57BB-481A-8DC4-2B5D20A44AFA}.Release|x64.ActiveCfg = Release|Any CPU
		{CF0F7B94-57BB-481A-8DC4-2B5D20A44AFA}.Release|x64.Build.0 = Release|Any CPU
		{CF0F7B94-57BB-481A-8DC4-2B5D20A44AFA}.Release|x86.ActiveCfg = Release|Any CPU
		{CF0F7B94-57BB-481A-8DC4-2B5D20A44AFA}.Release|x86.Build.0 = Release|Any CPU
		{02F0B34F-C27B-42AD-83B2-95DC5D496BC5}.Debug|Any CPU.ActiveCfg = Debug|Any CPU
		{02F0B34F-C27B-42AD-83B2-95DC5D496BC5}.Debug|Any CPU.Build.0 = Debug|Any CPU
		{02F0B34F-C27B-42AD-83B2-95DC5D496BC5}.Debug|x64.ActiveCfg = Debug|Any CPU
		{02F0B34F-C27B-42AD-83B2-95DC5D496BC5}.Debug|x64.Build.0 = Debug|Any CPU
		{02F0B34F-C27B-42AD-83B2-95DC5D496BC5}.Debug|x86.ActiveCfg = Debug|Any CPU
		{02F0B34F-C27B-42AD-83B2-95DC5D496BC5}.Debug|x86.Build.0 = Debug|Any CPU
		{02F0B34F-C27B-42AD-83B2-95DC5D496BC5}.Release|Any CPU.ActiveCfg = Release|Any CPU
		{02F0B34F-C27B-42AD-83B2-95DC5D496BC5}.Release|Any CPU.Build.0 = Release|Any CPU
		{02F0B34F-C27B-42AD-83B2-95DC5D496BC5}.Release|x64.ActiveCfg = Release|Any CPU
		{02F0B34F-C27B-42AD-83B2-95DC5D496BC5}.Release|x64.Build.0 = Release|Any CPU
		{02F0B34F-C27B-42AD-83B2-95DC5D496BC5}.Release|x86.ActiveCfg = Release|Any CPU
		{02F0B34F-C27B-42AD-83B2-95DC5D496BC5}.Release|x86.Build.0 = Release|Any CPU
		{229EF34C-2EEA-4729-874E-4A99C405C181}.Debug|Any CPU.ActiveCfg = Debug|Any CPU
		{229EF34C-2EEA-4729-874E-4A99C405C181}.Debug|Any CPU.Build.0 = Debug|Any CPU
		{229EF34C-2EEA-4729-874E-4A99C405C181}.Debug|x64.ActiveCfg = Debug|Any CPU
		{229EF34C-2EEA-4729-874E-4A99C405C181}.Debug|x64.Build.0 = Debug|Any CPU
		{229EF34C-2EEA-4729-874E-4A99C405C181}.Debug|x86.ActiveCfg = Debug|Any CPU
		{229EF34C-2EEA-4729-874E-4A99C405C181}.Debug|x86.Build.0 = Debug|Any CPU
		{229EF34C-2EEA-4729-874E-4A99C405C181}.Release|Any CPU.ActiveCfg = Release|Any CPU
		{229EF34C-2EEA-4729-874E-4A99C405C181}.Release|Any CPU.Build.0 = Release|Any CPU
		{229EF34C-2EEA-4729-874E-4A99C405C181}.Release|x64.ActiveCfg = Release|Any CPU
		{229EF34C-2EEA-4729-874E-4A99C405C181}.Release|x64.Build.0 = Release|Any CPU
		{229EF34C-2EEA-4729-874E-4A99C405C181}.Release|x86.ActiveCfg = Release|Any CPU
		{229EF34C-2EEA-4729-874E-4A99C405C181}.Release|x86.Build.0 = Release|Any CPU
		{3779EAEC-FCAF-4F24-A782-00FF5D5C75DB}.Debug|Any CPU.ActiveCfg = Debug|Any CPU
		{3779EAEC-FCAF-4F24-A782-00FF5D5C75DB}.Debug|Any CPU.Build.0 = Debug|Any CPU
		{3779EAEC-FCAF-4F24-A782-00FF5D5C75DB}.Debug|x64.ActiveCfg = Debug|Any CPU
		{3779EAEC-FCAF-4F24-A782-00FF5D5C75DB}.Debug|x64.Build.0 = Debug|Any CPU
		{3779EAEC-FCAF-4F24-A782-00FF5D5C75DB}.Debug|x86.ActiveCfg = Debug|Any CPU
		{3779EAEC-FCAF-4F24-A782-00FF5D5C75DB}.Debug|x86.Build.0 = Debug|Any CPU
		{3779EAEC-FCAF-4F24-A782-00FF5D5C75DB}.Release|Any CPU.ActiveCfg = Release|Any CPU
		{3779EAEC-FCAF-4F24-A782-00FF5D5C75DB}.Release|Any CPU.Build.0 = Release|Any CPU
		{3779EAEC-FCAF-4F24-A782-00FF5D5C75DB}.Release|x64.ActiveCfg = Release|Any CPU
		{3779EAEC-FCAF-4F24-A782-00FF5D5C75DB}.Release|x64.Build.0 = Release|Any CPU
		{3779EAEC-FCAF-4F24-A782-00FF5D5C75DB}.Release|x86.ActiveCfg = Release|Any CPU
		{3779EAEC-FCAF-4F24-A782-00FF5D5C75DB}.Release|x86.Build.0 = Release|Any CPU
		{31A94FA2-C3DD-4BB8-9386-589D69002ACA}.Debug|Any CPU.ActiveCfg = Debug|Any CPU
		{31A94FA2-C3DD-4BB8-9386-589D69002ACA}.Debug|Any CPU.Build.0 = Debug|Any CPU
		{31A94FA2-C3DD-4BB8-9386-589D69002ACA}.Debug|x64.ActiveCfg = Debug|Any CPU
		{31A94FA2-C3DD-4BB8-9386-589D69002ACA}.Debug|x64.Build.0 = Debug|Any CPU
		{31A94FA2-C3DD-4BB8-9386-589D69002ACA}.Debug|x86.ActiveCfg = Debug|Any CPU
		{31A94FA2-C3DD-4BB8-9386-589D69002ACA}.Debug|x86.Build.0 = Debug|Any CPU
		{31A94FA2-C3DD-4BB8-9386-589D69002ACA}.Release|Any CPU.ActiveCfg = Release|Any CPU
		{31A94FA2-C3DD-4BB8-9386-589D69002ACA}.Release|Any CPU.Build.0 = Release|Any CPU
		{31A94FA2-C3DD-4BB8-9386-589D69002ACA}.Release|x64.ActiveCfg = Release|Any CPU
		{31A94FA2-C3DD-4BB8-9386-589D69002ACA}.Release|x64.Build.0 = Release|Any CPU
		{31A94FA2-C3DD-4BB8-9386-589D69002ACA}.Release|x86.ActiveCfg = Release|Any CPU
		{31A94FA2-C3DD-4BB8-9386-589D69002ACA}.Release|x86.Build.0 = Release|Any CPU
		{68FA24D1-43F1-4264-9F11-E78DE1A7EFE7}.Debug|Any CPU.ActiveCfg = Debug|Any CPU
		{68FA24D1-43F1-4264-9F11-E78DE1A7EFE7}.Debug|Any CPU.Build.0 = Debug|Any CPU
		{68FA24D1-43F1-4264-9F11-E78DE1A7EFE7}.Debug|x64.ActiveCfg = Debug|Any CPU
		{68FA24D1-43F1-4264-9F11-E78DE1A7EFE7}.Debug|x64.Build.0 = Debug|Any CPU
		{68FA24D1-43F1-4264-9F11-E78DE1A7EFE7}.Debug|x86.ActiveCfg = Debug|Any CPU
		{68FA24D1-43F1-4264-9F11-E78DE1A7EFE7}.Debug|x86.Build.0 = Debug|Any CPU
		{68FA24D1-43F1-4264-9F11-E78DE1A7EFE7}.Release|Any CPU.ActiveCfg = Release|Any CPU
		{68FA24D1-43F1-4264-9F11-E78DE1A7EFE7}.Release|Any CPU.Build.0 = Release|Any CPU
		{68FA24D1-43F1-4264-9F11-E78DE1A7EFE7}.Release|x64.ActiveCfg = Release|Any CPU
		{68FA24D1-43F1-4264-9F11-E78DE1A7EFE7}.Release|x64.Build.0 = Release|Any CPU
		{68FA24D1-43F1-4264-9F11-E78DE1A7EFE7}.Release|x86.ActiveCfg = Release|Any CPU
		{68FA24D1-43F1-4264-9F11-E78DE1A7EFE7}.Release|x86.Build.0 = Release|Any CPU
		{E3E98FDC-4E5E-4B5E-A7AA-B927C3C10E0D}.Debug|Any CPU.ActiveCfg = Debug|Any CPU
		{E3E98FDC-4E5E-4B5E-A7AA-B927C3C10E0D}.Debug|Any CPU.Build.0 = Debug|Any CPU
		{E3E98FDC-4E5E-4B5E-A7AA-B927C3C10E0D}.Debug|x64.ActiveCfg = Debug|Any CPU
		{E3E98FDC-4E5E-4B5E-A7AA-B927C3C10E0D}.Debug|x64.Build.0 = Debug|Any CPU
		{E3E98FDC-4E5E-4B5E-A7AA-B927C3C10E0D}.Debug|x86.ActiveCfg = Debug|Any CPU
		{E3E98FDC-4E5E-4B5E-A7AA-B927C3C10E0D}.Debug|x86.Build.0 = Debug|Any CPU
		{E3E98FDC-4E5E-4B5E-A7AA-B927C3C10E0D}.Release|Any CPU.ActiveCfg = Release|Any CPU
		{E3E98FDC-4E5E-4B5E-A7AA-B927C3C10E0D}.Release|Any CPU.Build.0 = Release|Any CPU
		{E3E98FDC-4E5E-4B5E-A7AA-B927C3C10E0D}.Release|x64.ActiveCfg = Release|Any CPU
		{E3E98FDC-4E5E-4B5E-A7AA-B927C3C10E0D}.Release|x64.Build.0 = Release|Any CPU
		{E3E98FDC-4E5E-4B5E-A7AA-B927C3C10E0D}.Release|x86.ActiveCfg = Release|Any CPU
		{E3E98FDC-4E5E-4B5E-A7AA-B927C3C10E0D}.Release|x86.Build.0 = Release|Any CPU
		{24ADA075-55D3-4677-9A10-96E506949C6F}.Debug|Any CPU.ActiveCfg = Debug|Any CPU
		{24ADA075-55D3-4677-9A10-96E506949C6F}.Debug|Any CPU.Build.0 = Debug|Any CPU
		{24ADA075-55D3-4677-9A10-96E506949C6F}.Debug|x64.ActiveCfg = Debug|Any CPU
		{24ADA075-55D3-4677-9A10-96E506949C6F}.Debug|x64.Build.0 = Debug|Any CPU
		{24ADA075-55D3-4677-9A10-96E506949C6F}.Debug|x86.ActiveCfg = Debug|Any CPU
		{24ADA075-55D3-4677-9A10-96E506949C6F}.Debug|x86.Build.0 = Debug|Any CPU
		{24ADA075-55D3-4677-9A10-96E506949C6F}.Release|Any CPU.ActiveCfg = Release|Any CPU
		{24ADA075-55D3-4677-9A10-96E506949C6F}.Release|Any CPU.Build.0 = Release|Any CPU
		{24ADA075-55D3-4677-9A10-96E506949C6F}.Release|x64.ActiveCfg = Release|Any CPU
		{24ADA075-55D3-4677-9A10-96E506949C6F}.Release|x64.Build.0 = Release|Any CPU
		{24ADA075-55D3-4677-9A10-96E506949C6F}.Release|x86.ActiveCfg = Release|Any CPU
		{24ADA075-55D3-4677-9A10-96E506949C6F}.Release|x86.Build.0 = Release|Any CPU
		{11235C9D-B889-4BAA-B8E9-9E75E5074003}.Debug|Any CPU.ActiveCfg = Debug|Any CPU
		{11235C9D-B889-4BAA-B8E9-9E75E5074003}.Debug|Any CPU.Build.0 = Debug|Any CPU
		{11235C9D-B889-4BAA-B8E9-9E75E5074003}.Debug|x64.ActiveCfg = Debug|Any CPU
		{11235C9D-B889-4BAA-B8E9-9E75E5074003}.Debug|x64.Build.0 = Debug|Any CPU
		{11235C9D-B889-4BAA-B8E9-9E75E5074003}.Debug|x86.ActiveCfg = Debug|Any CPU
		{11235C9D-B889-4BAA-B8E9-9E75E5074003}.Debug|x86.Build.0 = Debug|Any CPU
		{11235C9D-B889-4BAA-B8E9-9E75E5074003}.Release|Any CPU.ActiveCfg = Release|Any CPU
		{11235C9D-B889-4BAA-B8E9-9E75E5074003}.Release|Any CPU.Build.0 = Release|Any CPU
		{11235C9D-B889-4BAA-B8E9-9E75E5074003}.Release|x64.ActiveCfg = Release|Any CPU
		{11235C9D-B889-4BAA-B8E9-9E75E5074003}.Release|x64.Build.0 = Release|Any CPU
		{11235C9D-B889-4BAA-B8E9-9E75E5074003}.Release|x86.ActiveCfg = Release|Any CPU
		{11235C9D-B889-4BAA-B8E9-9E75E5074003}.Release|x86.Build.0 = Release|Any CPU
		{5411AFD8-DF4C-4786-8A74-3BCB3667F493}.Debug|Any CPU.ActiveCfg = Debug|Any CPU
		{5411AFD8-DF4C-4786-8A74-3BCB3667F493}.Debug|Any CPU.Build.0 = Debug|Any CPU
		{5411AFD8-DF4C-4786-8A74-3BCB3667F493}.Debug|x64.ActiveCfg = Debug|Any CPU
		{5411AFD8-DF4C-4786-8A74-3BCB3667F493}.Debug|x64.Build.0 = Debug|Any CPU
		{5411AFD8-DF4C-4786-8A74-3BCB3667F493}.Debug|x86.ActiveCfg = Debug|Any CPU
		{5411AFD8-DF4C-4786-8A74-3BCB3667F493}.Debug|x86.Build.0 = Debug|Any CPU
		{5411AFD8-DF4C-4786-8A74-3BCB3667F493}.Release|Any CPU.ActiveCfg = Release|Any CPU
		{5411AFD8-DF4C-4786-8A74-3BCB3667F493}.Release|Any CPU.Build.0 = Release|Any CPU
		{5411AFD8-DF4C-4786-8A74-3BCB3667F493}.Release|x64.ActiveCfg = Release|Any CPU
		{5411AFD8-DF4C-4786-8A74-3BCB3667F493}.Release|x64.Build.0 = Release|Any CPU
		{5411AFD8-DF4C-4786-8A74-3BCB3667F493}.Release|x86.ActiveCfg = Release|Any CPU
		{5411AFD8-DF4C-4786-8A74-3BCB3667F493}.Release|x86.Build.0 = Release|Any CPU
		{787A3904-70FC-4662-AB40-563F56BC40DF}.Debug|Any CPU.ActiveCfg = Debug|Any CPU
		{787A3904-70FC-4662-AB40-563F56BC40DF}.Debug|Any CPU.Build.0 = Debug|Any CPU
		{787A3904-70FC-4662-AB40-563F56BC40DF}.Debug|x64.ActiveCfg = Debug|Any CPU
		{787A3904-70FC-4662-AB40-563F56BC40DF}.Debug|x64.Build.0 = Debug|Any CPU
		{787A3904-70FC-4662-AB40-563F56BC40DF}.Debug|x86.ActiveCfg = Debug|Any CPU
		{787A3904-70FC-4662-AB40-563F56BC40DF}.Debug|x86.Build.0 = Debug|Any CPU
		{787A3904-70FC-4662-AB40-563F56BC40DF}.Release|Any CPU.ActiveCfg = Release|Any CPU
		{787A3904-70FC-4662-AB40-563F56BC40DF}.Release|Any CPU.Build.0 = Release|Any CPU
		{787A3904-70FC-4662-AB40-563F56BC40DF}.Release|x64.ActiveCfg = Release|Any CPU
		{787A3904-70FC-4662-AB40-563F56BC40DF}.Release|x64.Build.0 = Release|Any CPU
		{787A3904-70FC-4662-AB40-563F56BC40DF}.Release|x86.ActiveCfg = Release|Any CPU
		{787A3904-70FC-4662-AB40-563F56BC40DF}.Release|x86.Build.0 = Release|Any CPU
		{1C76125C-B133-4FFE-BEF2-930E9B479529}.Debug|Any CPU.ActiveCfg = Debug|Any CPU
		{1C76125C-B133-4FFE-BEF2-930E9B479529}.Debug|Any CPU.Build.0 = Debug|Any CPU
		{1C76125C-B133-4FFE-BEF2-930E9B479529}.Debug|x64.ActiveCfg = Debug|Any CPU
		{1C76125C-B133-4FFE-BEF2-930E9B479529}.Debug|x64.Build.0 = Debug|Any CPU
		{1C76125C-B133-4FFE-BEF2-930E9B479529}.Debug|x86.ActiveCfg = Debug|Any CPU
		{1C76125C-B133-4FFE-BEF2-930E9B479529}.Debug|x86.Build.0 = Debug|Any CPU
		{1C76125C-B133-4FFE-BEF2-930E9B479529}.Release|Any CPU.ActiveCfg = Release|Any CPU
		{1C76125C-B133-4FFE-BEF2-930E9B479529}.Release|Any CPU.Build.0 = Release|Any CPU
		{1C76125C-B133-4FFE-BEF2-930E9B479529}.Release|x64.ActiveCfg = Release|Any CPU
		{1C76125C-B133-4FFE-BEF2-930E9B479529}.Release|x64.Build.0 = Release|Any CPU
		{1C76125C-B133-4FFE-BEF2-930E9B479529}.Release|x86.ActiveCfg = Release|Any CPU
		{1C76125C-B133-4FFE-BEF2-930E9B479529}.Release|x86.Build.0 = Release|Any CPU
		{15C8BFD9-AD70-4C6A-BE37-0E6011E64786}.Debug|Any CPU.ActiveCfg = Debug|Any CPU
		{15C8BFD9-AD70-4C6A-BE37-0E6011E64786}.Debug|Any CPU.Build.0 = Debug|Any CPU
		{15C8BFD9-AD70-4C6A-BE37-0E6011E64786}.Debug|x64.ActiveCfg = Debug|Any CPU
		{15C8BFD9-AD70-4C6A-BE37-0E6011E64786}.Debug|x64.Build.0 = Debug|Any CPU
		{15C8BFD9-AD70-4C6A-BE37-0E6011E64786}.Debug|x86.ActiveCfg = Debug|Any CPU
		{15C8BFD9-AD70-4C6A-BE37-0E6011E64786}.Debug|x86.Build.0 = Debug|Any CPU
		{15C8BFD9-AD70-4C6A-BE37-0E6011E64786}.Release|Any CPU.ActiveCfg = Release|Any CPU
		{15C8BFD9-AD70-4C6A-BE37-0E6011E64786}.Release|Any CPU.Build.0 = Release|Any CPU
		{15C8BFD9-AD70-4C6A-BE37-0E6011E64786}.Release|x64.ActiveCfg = Release|Any CPU
		{15C8BFD9-AD70-4C6A-BE37-0E6011E64786}.Release|x64.Build.0 = Release|Any CPU
		{15C8BFD9-AD70-4C6A-BE37-0E6011E64786}.Release|x86.ActiveCfg = Release|Any CPU
		{15C8BFD9-AD70-4C6A-BE37-0E6011E64786}.Release|x86.Build.0 = Release|Any CPU
	EndGlobalSection
	GlobalSection(SolutionProperties) = preSolution
		HideSolutionNode = FALSE
	EndGlobalSection
	GlobalSection(NestedProjects) = preSolution
		{1785C15A-706F-408D-9A46-6084263CC018} = {CB6C9D03-DCD9-4C80-B897-F88BEFBF3720}
		{0EC05028-A8CF-463C-AE7C-2B5FB08DBEFA} = {CB6C9D03-DCD9-4C80-B897-F88BEFBF3720}
		{4836EF45-BD31-4ED8-AC08-A435F09DCAE6} = {0EC05028-A8CF-463C-AE7C-2B5FB08DBEFA}
		{CF0F7B94-57BB-481A-8DC4-2B5D20A44AFA} = {1785C15A-706F-408D-9A46-6084263CC018}
		{826A8381-1241-4D60-8A1D-C931E688A98C} = {D7F7EF9B-A27F-49B1-9746-38BB45AC533B}
		{D75FC6C9-3706-43CB-AFD9-BAB7F16F57C9} = {D7F7EF9B-A27F-49B1-9746-38BB45AC533B}
		{02F0B34F-C27B-42AD-83B2-95DC5D496BC5} = {0EC05028-A8CF-463C-AE7C-2B5FB08DBEFA}
		{229EF34C-2EEA-4729-874E-4A99C405C181} = {0EC05028-A8CF-463C-AE7C-2B5FB08DBEFA}
		{3779EAEC-FCAF-4F24-A782-00FF5D5C75DB} = {0EC05028-A8CF-463C-AE7C-2B5FB08DBEFA}
		{31A94FA2-C3DD-4BB8-9386-589D69002ACA} = {0EC05028-A8CF-463C-AE7C-2B5FB08DBEFA}
		{68FA24D1-43F1-4264-9F11-E78DE1A7EFE7} = {0EC05028-A8CF-463C-AE7C-2B5FB08DBEFA}
		{E3E98FDC-4E5E-4B5E-A7AA-B927C3C10E0D} = {0EC05028-A8CF-463C-AE7C-2B5FB08DBEFA}
		{24ADA075-55D3-4677-9A10-96E506949C6F} = {0EC05028-A8CF-463C-AE7C-2B5FB08DBEFA}
		{11235C9D-B889-4BAA-B8E9-9E75E5074003} = {0EC05028-A8CF-463C-AE7C-2B5FB08DBEFA}
		{5411AFD8-DF4C-4786-8A74-3BCB3667F493} = {D75FC6C9-3706-43CB-AFD9-BAB7F16F57C9}
		{787A3904-70FC-4662-AB40-563F56BC40DF} = {0EC05028-A8CF-463C-AE7C-2B5FB08DBEFA}
		{1C76125C-B133-4FFE-BEF2-930E9B479529} = {0EC05028-A8CF-463C-AE7C-2B5FB08DBEFA}
		{15C8BFD9-AD70-4C6A-BE37-0E6011E64786} = {1785C15A-706F-408D-9A46-6084263CC018}
	EndGlobalSection
	GlobalSection(ExtensibilityGlobals) = postSolution
		SolutionGuid = {BDDCC7B1-3555-4399-BB6F-54D809CEA73E}
	EndGlobalSection
EndGlobal
